
Microsoft Visual Studio Solution File, Format Version 12.00
# Visual Studio Version 17
VisualStudioVersion = 17.11.34909.67
MinimumVisualStudioVersion = 10.0.40219.1
Project("{FAE04EC0-301F-11D3-BF4B-00C04F79EFBC}") = "SortedList-Activity", "SortedList-Activity\SortedList-Activity.csproj", "{A2484309-41E2-4AE4-ADD3-B3872926D754}"
EndProject
Global
	GlobalSection(SolutionConfigurationPlatforms) = preSolution
		Debug|Any CPU = Debug|Any CPU
		Release|Any CPU = Release|Any CPU
	EndGlobalSection
	GlobalSection(ProjectConfigurationPlatforms) = postSolution
		{A2484309-41E2-4AE4-ADD3-B3872926D754}.Debug|Any CPU.ActiveCfg = Debug|Any CPU
		{A2484309-41E2-4AE4-ADD3-B3872926D754}.Debug|Any CPU.Build.0 = Debug|Any CPU
		{A2484309-41E2-4AE4-ADD3-B3872926D754}.Release|Any CPU.ActiveCfg = Release|Any CPU
		{A2484309-41E2-4AE4-ADD3-B3872926D754}.Release|Any CPU.Build.0 = Release|Any CPU
	EndGlobalSection
	GlobalSection(SolutionProperties) = preSolution
		HideSolutionNode = FALSE
	EndGlobalSection
	GlobalSection(ExtensibilityGlobals) = postSolution
		SolutionGuid = {2A52BD1A-E409-46AF-83C1-13E76C5E8592}
	EndGlobalSection
EndGlobal
