
Microsoft Visual Studio Solution File, Format Version 12.00
# Visual Studio Version 17
VisualStudioVersion = 17.4.33110.190
MinimumVisualStudioVersion = 10.0.40219.1
Project("{FAE04EC0-301F-11D3-BF4B-00C04F79EFBC}") = "Admin_Job", "Admin_Job\Admin_Job.csproj", "{69A35EDA-5125-41D8-9307-EEEE6CDCD3C6}"
EndProject
Global
	GlobalSection(SolutionConfigurationPlatforms) = preSolution
		Debug|Any CPU = Debug|Any CPU
		Release|Any CPU = Release|Any CPU
	EndGlobalSection
	GlobalSection(ProjectConfigurationPlatforms) = postSolution
		{69A35EDA-5125-41D8-9307-EEEE6CDCD3C6}.Debug|Any CPU.ActiveCfg = Debug|Any CPU
		{69A35EDA-5125-41D8-9307-EEEE6CDCD3C6}.Debug|Any CPU.Build.0 = Debug|Any CPU
		{69A35EDA-5125-41D8-9307-EEEE6CDCD3C6}.Release|Any CPU.ActiveCfg = Release|Any CPU
		{69A35EDA-5125-41D8-9307-EEEE6CDCD3C6}.Release|Any CPU.Build.0 = Release|Any CPU
	EndGlobalSection
	GlobalSection(SolutionProperties) = preSolution
		HideSolutionNode = FALSE
	EndGlobalSection
	GlobalSection(ExtensibilityGlobals) = postSolution
		SolutionGuid = {7C0F0233-5415-47FF-8AC2-8E72C9686266}
	EndGlobalSection
EndGlobal
