
Microsoft Visual Studio Solution File, Format Version 12.00
Project("{FAE04EC0-301F-11D3-BF4B-00C04F79EFBC}") = "Jobportal", "Jobportal\Jobportal.csproj", "{10B83774-AF15-46EF-AA97-E7676970DF60}"
EndProject
Global
	GlobalSection(SolutionConfigurationPlatforms) = preSolution
		Debug|Any CPU = Debug|Any CPU
		Release|Any CPU = Release|Any CPU
	EndGlobalSection
	GlobalSection(ProjectConfigurationPlatforms) = postSolution
		{10B83774-AF15-46EF-AA97-E7676970DF60}.Debug|Any CPU.ActiveCfg = Debug|Any CPU
		{10B83774-AF15-46EF-AA97-E7676970DF60}.Debug|Any CPU.Build.0 = Debug|Any CPU
		{10B83774-AF15-46EF-AA97-E7676970DF60}.Release|Any CPU.ActiveCfg = Release|Any CPU
		{10B83774-AF15-46EF-AA97-E7676970DF60}.Release|Any CPU.Build.0 = Release|Any CPU
	EndGlobalSection
EndGlobal
