
Microsoft Visual Studio Solution File, Format Version 12.00
Project("{FAE04EC0-301F-11D3-BF4B-00C04F79EFBC}") = "InventoryManagement", "InventoryManagement\InventoryManagement.csproj", "{48420635-1767-4688-8E77-99CC303B0584}"
EndProject
Global
	GlobalSection(SolutionConfigurationPlatforms) = preSolution
		Debug|Any CPU = Debug|Any CPU
		Release|Any CPU = Release|Any CPU
	EndGlobalSection
	GlobalSection(ProjectConfigurationPlatforms) = postSolution
		{48420635-1767-4688-8E77-99CC303B0584}.Debug|Any CPU.ActiveCfg = Debug|Any CPU
		{48420635-1767-4688-8E77-99CC303B0584}.Debug|Any CPU.Build.0 = Debug|Any CPU
		{48420635-1767-4688-8E77-99CC303B0584}.Release|Any CPU.ActiveCfg = Release|Any CPU
		{48420635-1767-4688-8E77-99CC303B0584}.Release|Any CPU.Build.0 = Release|Any CPU
	EndGlobalSection
EndGlobal
