
Microsoft Visual Studio Solution File, Format Version 12.00
Project("{FAE04EC0-301F-11D3-BF4B-00C04F79EFBC}") = "employebonus", "employebonus\employebonus.csproj", "{0BCAE6DB-D5DF-4D15-AA2E-51DC3C539989}"
EndProject
Global
	GlobalSection(SolutionConfigurationPlatforms) = preSolution
		Debug|Any CPU = Debug|Any CPU
		Release|Any CPU = Release|Any CPU
	EndGlobalSection
	GlobalSection(ProjectConfigurationPlatforms) = postSolution
		{0BCAE6DB-D5DF-4D15-AA2E-51DC3C539989}.Debug|Any CPU.ActiveCfg = Debug|Any CPU
		{0BCAE6DB-D5DF-4D15-AA2E-51DC3C539989}.Debug|Any CPU.Build.0 = Debug|Any CPU
		{0BCAE6DB-D5DF-4D15-AA2E-51DC3C539989}.Release|Any CPU.ActiveCfg = Release|Any CPU
		{0BCAE6DB-D5DF-4D15-AA2E-51DC3C539989}.Release|Any CPU.Build.0 = Release|Any CPU
	EndGlobalSection
EndGlobal
