
Microsoft Visual Studio Solution File, Format Version 12.00
Project("{FAE04EC0-301F-11D3-BF4B-00C04F79EFBC}") = "OnlineShop", "OnlineShop\OnlineShop.csproj", "{FB464F5D-E8C8-43B9-9808-B80F2B13A60A}"
EndProject
Global
	GlobalSection(SolutionConfigurationPlatforms) = preSolution
		Debug|Any CPU = Debug|Any CPU
		Release|Any CPU = Release|Any CPU
	EndGlobalSection
	GlobalSection(ProjectConfigurationPlatforms) = postSolution
		{FB464F5D-E8C8-43B9-9808-B80F2B13A60A}.Debug|Any CPU.ActiveCfg = Debug|Any CPU
		{FB464F5D-E8C8-43B9-9808-B80F2B13A60A}.Debug|Any CPU.Build.0 = Debug|Any CPU
		{FB464F5D-E8C8-43B9-9808-B80F2B13A60A}.Release|Any CPU.ActiveCfg = Release|Any CPU
		{FB464F5D-E8C8-43B9-9808-B80F2B13A60A}.Release|Any CPU.Build.0 = Release|Any CPU
	EndGlobalSection
EndGlobal
