
Microsoft Visual Studio Solution File, Format Version 12.00
Project("{FAE04EC0-301F-11D3-BF4B-00C04F79EFBC}") = "employesalary", "employesalary\employesalary.csproj", "{1CDB3161-0D06-47EE-B7AA-C7C0B1549AE1}"
EndProject
Global
	GlobalSection(SolutionConfigurationPlatforms) = preSolution
		Debug|Any CPU = Debug|Any CPU
		Release|Any CPU = Release|Any CPU
	EndGlobalSection
	GlobalSection(ProjectConfigurationPlatforms) = postSolution
		{1CDB3161-0D06-47EE-B7AA-C7C0B1549AE1}.Debug|Any CPU.ActiveCfg = Debug|Any CPU
		{1CDB3161-0D06-47EE-B7AA-C7C0B1549AE1}.Debug|Any CPU.Build.0 = Debug|Any CPU
		{1CDB3161-0D06-47EE-B7AA-C7C0B1549AE1}.Release|Any CPU.ActiveCfg = Release|Any CPU
		{1CDB3161-0D06-47EE-B7AA-C7C0B1549AE1}.Release|Any CPU.Build.0 = Release|Any CPU
	EndGlobalSection
EndGlobal
