
Microsoft Visual Studio Solution File, Format Version 12.00
# Visual Studio Version 17
VisualStudioVersion = 17.11.34909.67
MinimumVisualStudioVersion = 10.0.40219.1
Project("{FAE04EC0-301F-11D3-BF4B-00C04F79EFBC}") = "EF-CodeFirstWithFK", "EF-CodeFirstWithFK\EF-CodeFirstWithFK.csproj", "{17933E3C-0676-4FDB-A348-E1284709AC0E}"
EndProject
Global
	GlobalSection(SolutionConfigurationPlatforms) = preSolution
		Debug|Any CPU = Debug|Any CPU
		Release|Any CPU = Release|Any CPU
	EndGlobalSection
	GlobalSection(ProjectConfigurationPlatforms) = postSolution
		{17933E3C-0676-4FDB-A348-E1284709AC0E}.Debug|Any CPU.ActiveCfg = Debug|Any CPU
		{17933E3C-0676-4FDB-A348-E1284709AC0E}.Debug|Any CPU.Build.0 = Debug|Any CPU
		{17933E3C-0676-4FDB-A348-E1284709AC0E}.Release|Any CPU.ActiveCfg = Release|Any CPU
		{17933E3C-0676-4FDB-A348-E1284709AC0E}.Release|Any CPU.Build.0 = Release|Any CPU
	EndGlobalSection
	GlobalSection(SolutionProperties) = preSolution
		HideSolutionNode = FALSE
	EndGlobalSection
	GlobalSection(ExtensibilityGlobals) = postSolution
		SolutionGuid = {4B0AB9D2-6F7C-49E3-AF81-A342B523B33E}
	EndGlobalSection
EndGlobal
