
Microsoft Visual Studio Solution File, Format Version 12.00
# Visual Studio Version 17
VisualStudioVersion = 17.14.36603.0 d17.14
MinimumVisualStudioVersion = 10.0.40219.1
Project("{FAE04EC0-301F-11D3-BF4B-00C04F79EFBC}") = "machinetest", "machinetest\machinetest.csproj", "{3A79D072-F14A-4F15-A28C-FCACBAC021F5}"
EndProject
Global
	GlobalSection(SolutionConfigurationPlatforms) = preSolution
		Debug|Any CPU = Debug|Any CPU
		Release|Any CPU = Release|Any CPU
	EndGlobalSection
	GlobalSection(ProjectConfigurationPlatforms) = postSolution
		{3A79D072-F14A-4F15-A28C-FCACBAC021F5}.Debug|Any CPU.ActiveCfg = Debug|Any CPU
		{3A79D072-F14A-4F15-A28C-FCACBAC021F5}.Debug|Any CPU.Build.0 = Debug|Any CPU
		{3A79D072-F14A-4F15-A28C-FCACBAC021F5}.Release|Any CPU.ActiveCfg = Release|Any CPU
		{3A79D072-F14A-4F15-A28C-FCACBAC021F5}.Release|Any CPU.Build.0 = Release|Any CPU
	EndGlobalSection
	GlobalSection(SolutionProperties) = preSolution
		HideSolutionNode = FALSE
	EndGlobalSection
	GlobalSection(ExtensibilityGlobals) = postSolution
		SolutionGuid = {EDF24A2F-9BB1-4803-91E3-8BD8EE4DD3A5}
	EndGlobalSection
EndGlobal
