
Microsoft Visual Studio Solution File, Format Version 12.00
# Visual Studio Version 17
VisualStudioVersion = 17.11.34909.67
MinimumVisualStudioVersion = 10.0.40219.1
Project("{FAE04EC0-301F-11D3-BF4B-00C04F79EFBC}") = "Generic-ArrayList", "Generic-ArrayList\Generic-ArrayList.csproj", "{6788BE44-4E12-4247-B007-134A8FDADB48}"
EndProject
Global
	GlobalSection(SolutionConfigurationPlatforms) = preSolution
		Debug|Any CPU = Debug|Any CPU
		Release|Any CPU = Release|Any CPU
	EndGlobalSection
	GlobalSection(ProjectConfigurationPlatforms) = postSolution
		{6788BE44-4E12-4247-B007-134A8FDADB48}.Debug|Any CPU.ActiveCfg = Debug|Any CPU
		{6788BE44-4E12-4247-B007-134A8FDADB48}.Debug|Any CPU.Build.0 = Debug|Any CPU
		{6788BE44-4E12-4247-B007-134A8FDADB48}.Release|Any CPU.ActiveCfg = Release|Any CPU
		{6788BE44-4E12-4247-B007-134A8FDADB48}.Release|Any CPU.Build.0 = Release|Any CPU
	EndGlobalSection
	GlobalSection(SolutionProperties) = preSolution
		HideSolutionNode = FALSE
	EndGlobalSection
	GlobalSection(ExtensibilityGlobals) = postSolution
		SolutionGuid = {430EEB25-D934-4C07-9EEE-92348051F6D8}
	EndGlobalSection
EndGlobal
