
Microsoft Visual Studio Solution File, Format Version 12.00
Project("{FAE04EC0-301F-11D3-BF4B-00C04F79EFBC}") = "onlinepayment", "onlinepayment\onlinepayment.csproj", "{1808AC2F-E042-42D8-85D7-8E4AF8BFD6A7}"
EndProject
Global
	GlobalSection(SolutionConfigurationPlatforms) = preSolution
		Debug|Any CPU = Debug|Any CPU
		Release|Any CPU = Release|Any CPU
	EndGlobalSection
	GlobalSection(ProjectConfigurationPlatforms) = postSolution
		{1808AC2F-E042-42D8-85D7-8E4AF8BFD6A7}.Debug|Any CPU.ActiveCfg = Debug|Any CPU
		{1808AC2F-E042-42D8-85D7-8E4AF8BFD6A7}.Debug|Any CPU.Build.0 = Debug|Any CPU
		{1808AC2F-E042-42D8-85D7-8E4AF8BFD6A7}.Release|Any CPU.ActiveCfg = Release|Any CPU
		{1808AC2F-E042-42D8-85D7-8E4AF8BFD6A7}.Release|Any CPU.Build.0 = Release|Any CPU
	EndGlobalSection
EndGlobal
