
Microsoft Visual Studio Solution File, Format Version 12.00
# Visual Studio Version 17
VisualStudioVersion = 17.11.34909.67
MinimumVisualStudioVersion = 10.0.40219.1
Project("{FAE04EC0-301F-11D3-BF4B-00C04F79EFBC}") = "PhoneNumberValidation", "PhoneNumberValidation\PhoneNumberValidation.csproj", "{0AA1586E-E129-41B8-BF3B-A46A30B6B957}"
EndProject
Global
	GlobalSection(SolutionConfigurationPlatforms) = preSolution
		Debug|Any CPU = Debug|Any CPU
		Release|Any CPU = Release|Any CPU
	EndGlobalSection
	GlobalSection(ProjectConfigurationPlatforms) = postSolution
		{0AA1586E-E129-41B8-BF3B-A46A30B6B957}.Debug|Any CPU.ActiveCfg = Debug|Any CPU
		{0AA1586E-E129-41B8-BF3B-A46A30B6B957}.Debug|Any CPU.Build.0 = Debug|Any CPU
		{0AA1586E-E129-41B8-BF3B-A46A30B6B957}.Release|Any CPU.ActiveCfg = Release|Any CPU
		{0AA1586E-E129-41B8-BF3B-A46A30B6B957}.Release|Any CPU.Build.0 = Release|Any CPU
	EndGlobalSection
	GlobalSection(SolutionProperties) = preSolution
		HideSolutionNode = FALSE
	EndGlobalSection
	GlobalSection(ExtensibilityGlobals) = postSolution
		SolutionGuid = {20557341-0A26-4FC3-85D4-EB7BCFA82841}
	EndGlobalSection
EndGlobal
