
Microsoft Visual Studio Solution File, Format Version 12.00
# Visual Studio Version 17
VisualStudioVersion = 17.11.34909.67
MinimumVisualStudioVersion = 10.0.40219.1
Project("{9A19103F-16F7-4668-BE54-9A1E7A4F7556}") = "JobManagement", "JobManagement\JobManagement.csproj", "{50E9777C-E46F-4F2A-A941-612FB5E55F1C}"
EndProject
Global
	GlobalSection(SolutionConfigurationPlatforms) = preSolution
		Debug|Any CPU = Debug|Any CPU
		Release|Any CPU = Release|Any CPU
	EndGlobalSection
	GlobalSection(ProjectConfigurationPlatforms) = postSolution
		{50E9777C-E46F-4F2A-A941-612FB5E55F1C}.Debug|Any CPU.ActiveCfg = Debug|Any CPU
		{50E9777C-E46F-4F2A-A941-612FB5E55F1C}.Debug|Any CPU.Build.0 = Debug|Any CPU
		{50E9777C-E46F-4F2A-A941-612FB5E55F1C}.Release|Any CPU.ActiveCfg = Release|Any CPU
		{50E9777C-E46F-4F2A-A941-612FB5E55F1C}.Release|Any CPU.Build.0 = Release|Any CPU
	EndGlobalSection
	GlobalSection(SolutionProperties) = preSolution
		HideSolutionNode = FALSE
	EndGlobalSection
	GlobalSection(ExtensibilityGlobals) = postSolution
		SolutionGuid = {77491420-0D2A-4834-9F8D-7632F12C53CB}
	EndGlobalSection
EndGlobal
