
Microsoft Visual Studio Solution File, Format Version 12.00
# Visual Studio Version 17
VisualStudioVersion = 17.14.36301.6
MinimumVisualStudioVersion = 10.0.40219.1
Project("{FAE04EC0-301F-11D3-BF4B-00C04F79EFBC}") = "TourConsultant_login", "TourAgency_login\TourConsultant_login.csproj", "{B6B22EA8-8A0F-402B-9EED-C6C5AD007796}"
EndProject
Global
	GlobalSection(SolutionConfigurationPlatforms) = preSolution
		Debug|Any CPU = Debug|Any CPU
		Release|Any CPU = Release|Any CPU
	EndGlobalSection
	GlobalSection(ProjectConfigurationPlatforms) = postSolution
		{B6B22EA8-8A0F-402B-9EED-C6C5AD007796}.Debug|Any CPU.ActiveCfg = Debug|Any CPU
		{B6B22EA8-8A0F-402B-9EED-C6C5AD007796}.Debug|Any CPU.Build.0 = Debug|Any CPU
		{B6B22EA8-8A0F-402B-9EED-C6C5AD007796}.Release|Any CPU.ActiveCfg = Release|Any CPU
		{B6B22EA8-8A0F-402B-9EED-C6C5AD007796}.Release|Any CPU.Build.0 = Release|Any CPU
	EndGlobalSection
	GlobalSection(SolutionProperties) = preSolution
		HideSolutionNode = FALSE
	EndGlobalSection
	GlobalSection(ExtensibilityGlobals) = postSolution
		SolutionGuid = {1F83DD9C-2A3C-40E6-A342-FB3AA75CB752}
	EndGlobalSection
EndGlobal
