
Microsoft Visual Studio Solution File, Format Version 12.00
# Visual Studio Version 17
VisualStudioVersion = 17.14.36603.0 d17.14
MinimumVisualStudioVersion = 10.0.40219.1
Project("{FAE04EC0-301F-11D3-BF4B-00C04F79EFBC}") = "MachineTest", "MachineTest\MachineTest.csproj", "{4EB42A9E-977E-4D38-92B1-EAD00C4E4040}"
EndProject
Global
	GlobalSection(SolutionConfigurationPlatforms) = preSolution
		Debug|Any CPU = Debug|Any CPU
		Release|Any CPU = Release|Any CPU
	EndGlobalSection
	GlobalSection(ProjectConfigurationPlatforms) = postSolution
		{4EB42A9E-977E-4D38-92B1-EAD00C4E4040}.Debug|Any CPU.ActiveCfg = Debug|Any CPU
		{4EB42A9E-977E-4D38-92B1-EAD00C4E4040}.Debug|Any CPU.Build.0 = Debug|Any CPU
		{4EB42A9E-977E-4D38-92B1-EAD00C4E4040}.Release|Any CPU.ActiveCfg = Release|Any CPU
		{4EB42A9E-977E-4D38-92B1-EAD00C4E4040}.Release|Any CPU.Build.0 = Release|Any CPU
	EndGlobalSection
	GlobalSection(SolutionProperties) = preSolution
		HideSolutionNode = FALSE
	EndGlobalSection
	GlobalSection(ExtensibilityGlobals) = postSolution
		SolutionGuid = {5C4534D5-929F-4AFB-9D9C-EF06056EAF5C}
	EndGlobalSection
EndGlobal
