
Microsoft Visual Studio Solution File, Format Version 12.00
# Visual Studio Version 17
VisualStudioVersion = 17.11.34909.67
MinimumVisualStudioVersion = 10.0.40219.1
Project("{FAE04EC0-301F-11D3-BF4B-00C04F79EFBC}") = "JobPortal-Activity", "JobPortal-Activity\JobPortal-Activity.csproj", "{FAA957FD-4741-469B-B6B4-3EBACDEFA893}"
EndProject
Global
	GlobalSection(SolutionConfigurationPlatforms) = preSolution
		Debug|Any CPU = Debug|Any CPU
		Release|Any CPU = Release|Any CPU
	EndGlobalSection
	GlobalSection(ProjectConfigurationPlatforms) = postSolution
		{FAA957FD-4741-469B-B6B4-3EBACDEFA893}.Debug|Any CPU.ActiveCfg = Debug|Any CPU
		{FAA957FD-4741-469B-B6B4-3EBACDEFA893}.Debug|Any CPU.Build.0 = Debug|Any CPU
		{FAA957FD-4741-469B-B6B4-3EBACDEFA893}.Release|Any CPU.ActiveCfg = Release|Any CPU
		{FAA957FD-4741-469B-B6B4-3EBACDEFA893}.Release|Any CPU.Build.0 = Release|Any CPU
	EndGlobalSection
	GlobalSection(SolutionProperties) = preSolution
		HideSolutionNode = FALSE
	EndGlobalSection
	GlobalSection(ExtensibilityGlobals) = postSolution
		SolutionGuid = {1D304531-4732-4CFE-AD76-1CA60FBF0DD3}
	EndGlobalSection
EndGlobal
