
Microsoft Visual Studio Solution File, Format Version 12.00
Project("{FAE04EC0-301F-11D3-BF4B-00C04F79EFBC}") = "WorkShop", "WorkShop\WorkShop.csproj", "{94AB873E-29FA-466E-B41F-5548C6C1392B}"
EndProject
Global
	GlobalSection(SolutionConfigurationPlatforms) = preSolution
		Debug|Any CPU = Debug|Any CPU
		Release|Any CPU = Release|Any CPU
	EndGlobalSection
	GlobalSection(ProjectConfigurationPlatforms) = postSolution
		{94AB873E-29FA-466E-B41F-5548C6C1392B}.Debug|Any CPU.ActiveCfg = Debug|Any CPU
		{94AB873E-29FA-466E-B41F-5548C6C1392B}.Debug|Any CPU.Build.0 = Debug|Any CPU
		{94AB873E-29FA-466E-B41F-5548C6C1392B}.Release|Any CPU.ActiveCfg = Release|Any CPU
		{94AB873E-29FA-466E-B41F-5548C6C1392B}.Release|Any CPU.Build.0 = Release|Any CPU
	EndGlobalSection
EndGlobal
