
Microsoft Visual Studio Solution File, Format Version 12.00
# Visual Studio Version 17
VisualStudioVersion = 17.14.36603.0 d17.14
MinimumVisualStudioVersion = 10.0.40219.1
Project("{FAE04EC0-301F-11D3-BF4B-00C04F79EFBC}") = "AdminProfile1", "AdminProfile1\AdminProfile1.csproj", "{79B89A31-7DE0-4BFC-B2AD-F92C2530CEE2}"
EndProject
Global
	GlobalSection(SolutionConfigurationPlatforms) = preSolution
		Debug|Any CPU = Debug|Any CPU
		Release|Any CPU = Release|Any CPU
	EndGlobalSection
	GlobalSection(ProjectConfigurationPlatforms) = postSolution
		{79B89A31-7DE0-4BFC-B2AD-F92C2530CEE2}.Debug|Any CPU.ActiveCfg = Debug|Any CPU
		{79B89A31-7DE0-4BFC-B2AD-F92C2530CEE2}.Debug|Any CPU.Build.0 = Debug|Any CPU
		{79B89A31-7DE0-4BFC-B2AD-F92C2530CEE2}.Release|Any CPU.ActiveCfg = Release|Any CPU
		{79B89A31-7DE0-4BFC-B2AD-F92C2530CEE2}.Release|Any CPU.Build.0 = Release|Any CPU
	EndGlobalSection
	GlobalSection(SolutionProperties) = preSolution
		HideSolutionNode = FALSE
	EndGlobalSection
	GlobalSection(ExtensibilityGlobals) = postSolution
		SolutionGuid = {2436B1F7-4B6C-463E-8444-F7E9D21CDE6D}
	EndGlobalSection
EndGlobal
