
Microsoft Visual Studio Solution File, Format Version 12.00
# Visual Studio Version 17
VisualStudioVersion = 17.8.34309.116
MinimumVisualStudioVersion = 10.0.40219.1
Project("{FAE04EC0-301F-11D3-BF4B-00C04F79EFBC}") = "Provider_App", "Provider_App\Provider_App.csproj", "{2A10F46A-9C38-49A6-87ED-BE70EE729024}"
EndProject
Global
	GlobalSection(SolutionConfigurationPlatforms) = preSolution
		Debug|Any CPU = Debug|Any CPU
		Release|Any CPU = Release|Any CPU
	EndGlobalSection
	GlobalSection(ProjectConfigurationPlatforms) = postSolution
		{2A10F46A-9C38-49A6-87ED-BE70EE729024}.Debug|Any CPU.ActiveCfg = Debug|Any CPU
		{2A10F46A-9C38-49A6-87ED-BE70EE729024}.Debug|Any CPU.Build.0 = Debug|Any CPU
		{2A10F46A-9C38-49A6-87ED-BE70EE729024}.Release|Any CPU.ActiveCfg = Release|Any CPU
		{2A10F46A-9C38-49A6-87ED-BE70EE729024}.Release|Any CPU.Build.0 = Release|Any CPU
	EndGlobalSection
	GlobalSection(SolutionProperties) = preSolution
		HideSolutionNode = FALSE
	EndGlobalSection
	GlobalSection(ExtensibilityGlobals) = postSolution
		SolutionGuid = {4156D687-90EB-4AC7-9463-39446689ECDB}
	EndGlobalSection
EndGlobal
