
Microsoft Visual Studio Solution File, Format Version 12.00
Project("{FAE04EC0-301F-11D3-BF4B-00C04F79EFBC}") = "RazorClassLibrary1", "RazorClassLibrary1\RazorClassLibrary1.csproj", "{9EFFC706-B81A-4891-9B97-609DE60BC753}"
EndProject
Global
	GlobalSection(SolutionConfigurationPlatforms) = preSolution
		Debug|Any CPU = Debug|Any CPU
		Release|Any CPU = Release|Any CPU
	EndGlobalSection
	GlobalSection(ProjectConfigurationPlatforms) = postSolution
		{9EFFC706-B81A-4891-9B97-609DE60BC753}.Debug|Any CPU.ActiveCfg = Debug|Any CPU
		{9EFFC706-B81A-4891-9B97-609DE60BC753}.Debug|Any CPU.Build.0 = Debug|Any CPU
		{9EFFC706-B81A-4891-9B97-609DE60BC753}.Release|Any CPU.ActiveCfg = Release|Any CPU
		{9EFFC706-B81A-4891-9B97-609DE60BC753}.Release|Any CPU.Build.0 = Release|Any CPU
	EndGlobalSection
EndGlobal
