
Microsoft Visual Studio Solution File, Format Version 12.00
# Visual Studio Version 17
VisualStudioVersion = 17.11.34909.67
MinimumVisualStudioVersion = 10.0.40219.1
Project("{FAE04EC0-301F-11D3-BF4B-00C04F79EFBC}") = "EmailValidation", "EmailValidation\EmailValidation.csproj", "{2412FB77-F3A6-40C7-940C-17ACB7883BE6}"
EndProject
Global
	GlobalSection(SolutionConfigurationPlatforms) = preSolution
		Debug|Any CPU = Debug|Any CPU
		Release|Any CPU = Release|Any CPU
	EndGlobalSection
	GlobalSection(ProjectConfigurationPlatforms) = postSolution
		{2412FB77-F3A6-40C7-940C-17ACB7883BE6}.Debug|Any CPU.ActiveCfg = Debug|Any CPU
		{2412FB77-F3A6-40C7-940C-17ACB7883BE6}.Debug|Any CPU.Build.0 = Debug|Any CPU
		{2412FB77-F3A6-40C7-940C-17ACB7883BE6}.Release|Any CPU.ActiveCfg = Release|Any CPU
		{2412FB77-F3A6-40C7-940C-17ACB7883BE6}.Release|Any CPU.Build.0 = Release|Any CPU
	EndGlobalSection
	GlobalSection(SolutionProperties) = preSolution
		HideSolutionNode = FALSE
	EndGlobalSection
	GlobalSection(ExtensibilityGlobals) = postSolution
		SolutionGuid = {DD5092B9-41DB-4AF2-9B76-2A24CFECAF95}
	EndGlobalSection
EndGlobal
