
Microsoft Visual Studio Solution File, Format Version 12.00
# Visual Studio Version 17
VisualStudioVersion = 17.14.36915.13
MinimumVisualStudioVersion = 10.0.40219.1
Project("{FAE04EC0-301F-11D3-BF4B-00C04F79EFBC}") = "BlazorApp1", "BlazorApp1\BlazorApp1.csproj", "{5DFE71BD-D86B-476A-B147-D45841B3D6D4}"
EndProject
Global
	GlobalSection(SolutionConfigurationPlatforms) = preSolution
		Debug|Any CPU = Debug|Any CPU
		Release|Any CPU = Release|Any CPU
	EndGlobalSection
	GlobalSection(ProjectConfigurationPlatforms) = postSolution
		{5DFE71BD-D86B-476A-B147-D45841B3D6D4}.Debug|Any CPU.ActiveCfg = Debug|Any CPU
		{5DFE71BD-D86B-476A-B147-D45841B3D6D4}.Debug|Any CPU.Build.0 = Debug|Any CPU
		{5DFE71BD-D86B-476A-B147-D45841B3D6D4}.Release|Any CPU.ActiveCfg = Release|Any CPU
		{5DFE71BD-D86B-476A-B147-D45841B3D6D4}.Release|Any CPU.Build.0 = Release|Any CPU
	EndGlobalSection
	GlobalSection(SolutionProperties) = preSolution
		HideSolutionNode = FALSE
	EndGlobalSection
	GlobalSection(ExtensibilityGlobals) = postSolution
		SolutionGuid = {8C63DB49-6639-499F-A507-5F24A156F5C7}
	EndGlobalSection
EndGlobal
